
Microsoft Visual Studio Solution File, Format Version 12.00
# Visual Studio 15
VisualStudioVersion = 15.0.28307.421
MinimumVisualStudioVersion = 10.0.40219.1
Project("{FAE04EC0-301F-11D3-BF4B-00C04F79EFBC}") = "ConvertXmlIntoMongoDb", "ConvertXmlIntoMongoDb\ConvertXmlIntoMongoDb.csproj", "{18E3CD3F-D2BE-4547-A37D-3F1C4603A39B}"
EndProject
Global
	GlobalSection(SolutionConfigurationPlatforms) = preSolution
		Debug|Any CPU = Debug|Any CPU
		Release|Any CPU = Release|Any CPU
	EndGlobalSection
	GlobalSection(ProjectConfigurationPlatforms) = postSolution
		{18E3CD3F-D2BE-4547-A37D-3F1C4603A39B}.Debug|Any CPU.ActiveCfg = Debug|Any CPU
		{18E3CD3F-D2BE-4547-A37D-3F1C4603A39B}.Debug|Any CPU.Build.0 = Debug|Any CPU
		{18E3CD3F-D2BE-4547-A37D-3F1C4603A39B}.Release|Any CPU.ActiveCfg = Release|Any CPU
		{18E3CD3F-D2BE-4547-A37D-3F1C4603A39B}.Release|Any CPU.Build.0 = Release|Any CPU
	EndGlobalSection
	GlobalSection(SolutionProperties) = preSolution
		HideSolutionNode = FALSE
	EndGlobalSection
	GlobalSection(ExtensibilityGlobals) = postSolution
		SolutionGuid = {5DFC8A5D-D5CC-45DE-82E8-7113D148BE17}
	EndGlobalSection
EndGlobal
